PODS:
  - CoreDataUtilsKit (1.1):
    - CoreDataUtilsKit/Core (= 1.1)
  - CoreDataUtilsKit/Core (1.1):
    - UtilsKit (~> 2.0)
  - NetworkUtilsKit (2.2):
    - NetworkUtilsKit/Core (= 2.2)
  - NetworkUtilsKit/Core (2.2):
    - UtilsKit (~> 2.4)
  - SDWebImage (5.14.2):
    - SDWebImage/Core (= 5.14.2)
  - SDWebImage/Core (5.14.2)
  - UtilsKit (2.7):
    - UtilsKit/Core (= 2.7)
  - UtilsKit/Core (2.7)

DEPENDENCIES:
  - CoreDataUtilsKit (~> 1.1)
  - NetworkUtilsKit
  - SDWebImage
  - UtilsKit

SPEC REPOS:
  trunk:
    - CoreDataUtilsKit
    - NetworkUtilsKit
    - SDWebImage
    - UtilsKit

SPEC CHECKSUMS:
  CoreDataUtilsKit: afa365a02384ce5f9c88e06225358be95cd9dc57
  NetworkUtilsKit: 683414341c4092ea137caae0952a60a4622439f6
  SDWebImage: b9a731e1d6307f44ca703b3976d18c24ca561e84
  UtilsKit: ec424991b3dd84a916a9eff75598fa00d041fb92

PODFILE CHECKSUM: 3f3dbe0bfcc793eff3e63f15e7f1ff4bce9d1e71

COCOAPODS: 1.11.3
