// !$*UTF8*$!
{
	archiveVersion = 1;
	classes = {
	};
	objectVersion = 55;
	objects = {

/* Begin PBXBuildFile section */
		CDC9662D652ACA37AFF4E6AB /* Pods_Reciplease.framework in Frameworks */ = {isa = PBXBuildFile; fileRef = 4B1BFA1C60C12F8532967F57 /* Pods_Reciplease.framework */; };
		D52EA415298BBE480017E028 /* RecipesResponseFail.json in Resources */ = {isa = PBXBuildFile; fileRef = D5B2AE232976FCF1003DE0F3 /* RecipesResponseFail.json */; };
		D52EA416298BBE510017E028 /* RecipesResponseSucces.json in Resources */ = {isa = PBXBuildFile; fileRef = D5B2AE212976FCE2003DE0F3 /* RecipesResponseSucces.json */; };
		D52EA419298C05A70017E028 /* UIView+CornerRadius.swift in Sources */ = {isa = PBXBuildFile; fileRef = D52EA418298C05A70017E028 /* UIView+CornerRadius.swift */; };
		D55DA8DB299A35B50047BC9B /* keys.xcconfig in Resources */ = {isa = PBXBuildFile; fileRef = D55DA8DA299A35B50047BC9B /* keys.xcconfig */; };
		D569C59C2949D53600F86EBF /* TabBar.storyboard in Resources */ = {isa = PBXBuildFile; fileRef = D569C59B2949D53600F86EBF /* TabBar.storyboard */; };
		D569C59F294A0DAA00F86EBF /* SearchSectionHeader.swift in Sources */ = {isa = PBXBuildFile; fileRef = D569C59E294A0DAA00F86EBF /* SearchSectionHeader.swift */; };
		D569C5A1294A0DB600F86EBF /* SearchSectionHeader.xib in Resources */ = {isa = PBXBuildFile; fileRef = D569C5A0294A0DB600F86EBF /* SearchSectionHeader.xib */; };
		D569C5A6294A178300F86EBF /* APIRequest.swift in Sources */ = {isa = PBXBuildFile; fileRef = D569C5A5294A178300F86EBF /* APIRequest.swift */; };
		D569C5A8294A1E1D00F86EBF /* RecipesWorker.swift in Sources */ = {isa = PBXBuildFile; fileRef = D569C5A7294A1E1D00F86EBF /* RecipesWorker.swift */; };
		D59541BE296D689B00F42D7B /* RecipesListTest.swift in Sources */ = {isa = PBXBuildFile; fileRef = D59541BD296D689B00F42D7B /* RecipesListTest.swift */; };
		D59541C0296D68B300F42D7B /* DetailsTests.swift in Sources */ = {isa = PBXBuildFile; fileRef = D59541BF296D68B300F42D7B /* DetailsTests.swift */; };
		D59541C2296D68CF00F42D7B /* SearchTests.swift in Sources */ = {isa = PBXBuildFile; fileRef = D59541C1296D68CF00F42D7B /* SearchTests.swift */; };
		D59541C5296DAF9300F42D7B /* WorkerTests.swift in Sources */ = {isa = PBXBuildFile; fileRef = D59541C4296DAF9300F42D7B /* WorkerTests.swift */; };
		D59541C7296DAFCB00F42D7B /* RecipesResponseSucces.json in Resources */ = {isa = PBXBuildFile; fileRef = D59541C6296DAFCB00F42D7B /* RecipesResponseSucces.json */; };
		D59541CB296DB01B00F42D7B /* RecipesResponseFail.json in Resources */ = {isa = PBXBuildFile; fileRef = D59541CA296DB01B00F42D7B /* RecipesResponseFail.json */; };
		D59ABC7B29534CD400510FFF /* Reciplease.xcdatamodeld in Sources */ = {isa = PBXBuildFile; fileRef = D59ABC7929534CD400510FFF /* Reciplease.xcdatamodeld */; };
		D59ABC7D2953509800510FFF /* DB_Recipe.swift in Sources */ = {isa = PBXBuildFile; fileRef = D59ABC7C2953509800510FFF /* DB_Recipe.swift */; };
		D59AC559294B1CDB00B06B23 /* RecipeResponse.swift in Sources */ = {isa = PBXBuildFile; fileRef = D59AC558294B1CDB00B06B23 /* RecipeResponse.swift */; };
		D59AC560294B541D00B06B23 /* RecipesListPresenter.swift in Sources */ = {isa = PBXBuildFile; fileRef = D59AC55C294B541D00B06B23 /* RecipesListPresenter.swift */; };
		D59AC561294B541D00B06B23 /* RecipesListViewController.swift in Sources */ = {isa = PBXBuildFile; fileRef = D59AC55D294B541D00B06B23 /* RecipesListViewController.swift */; };
		D59AC562294B541D00B06B23 /* RecipesListInteractor.swift in Sources */ = {isa = PBXBuildFile; fileRef = D59AC55E294B541D00B06B23 /* RecipesListInteractor.swift */; };
		D59AC563294B541D00B06B23 /* RecipesListViewModel.swift in Sources */ = {isa = PBXBuildFile; fileRef = D59AC55F294B541D00B06B23 /* RecipesListViewModel.swift */; };
		D59AC566294B547500B06B23 /* Recipes.storyboard in Resources */ = {isa = PBXBuildFile; fileRef = D59AC565294B547400B06B23 /* Recipes.storyboard */; };
		D59AC569294B5C0F00B06B23 /* RecipeCell.xib in Resources */ = {isa = PBXBuildFile; fileRef = D59AC568294B5C0F00B06B23 /* RecipeCell.xib */; };
		D59AC56B294B5C2100B06B23 /* RecipeCell.swift in Sources */ = {isa = PBXBuildFile; fileRef = D59AC56A294B5C2100B06B23 /* RecipeCell.swift */; };
		D59F3F3529472B410003818F /* AppDelegate.swift in Sources */ = {isa = PBXBuildFile; fileRef = D59F3F3429472B410003818F /* AppDelegate.swift */; };
		D59F3F3729472B410003818F /* SceneDelegate.swift in Sources */ = {isa = PBXBuildFile; fileRef = D59F3F3629472B410003818F /* SceneDelegate.swift */; };
		D59F3F3E29472B440003818F /* Images.xcassets in Resources */ = {isa = PBXBuildFile; fileRef = D59F3F3D29472B440003818F /* Images.xcassets */; };
		D59F3F4129472B440003818F /* LaunchScreen.storyboard in Resources */ = {isa = PBXBuildFile; fileRef = D59F3F3F29472B440003818F /* LaunchScreen.storyboard */; };
		D5A01EB829783ED000E922BD /* BaseTest.swift in Sources */ = {isa = PBXBuildFile; fileRef = D5A01EB629783E3E00E922BD /* BaseTest.swift */; };
		D5A0EA2029546BF50001164B /* DB_Ingredient.swift in Sources */ = {isa = PBXBuildFile; fileRef = D5A0EA1F29546BF50001164B /* DB_Ingredient.swift */; };
		D5A0EA232954995E0001164B /* Recipe.swift in Sources */ = {isa = PBXBuildFile; fileRef = D5A0EA222954995E0001164B /* Recipe.swift */; };
		D5AA72A02993A81D005379A9 /* Button.swift in Sources */ = {isa = PBXBuildFile; fileRef = D5AA729F2993A81D005379A9 /* Button.swift */; };
		D5C489332950C7150056F131 /* RecipeCellStruct.swift in Sources */ = {isa = PBXBuildFile; fileRef = D5C489322950C7150056F131 /* RecipeCellStruct.swift */; };
		D5DBF3C2294777BE00EEECAE /* BaseViewController.swift in Sources */ = {isa = PBXBuildFile; fileRef = D5DBF3BD294777BE00EEECAE /* BaseViewController.swift */; };
		D5DBF3C3294777BE00EEECAE /* ViewModel.swift in Sources */ = {isa = PBXBuildFile; fileRef = D5DBF3BE294777BE00EEECAE /* ViewModel.swift */; };
		D5DBF3C4294777BE00EEECAE /* Interactor.swift in Sources */ = {isa = PBXBuildFile; fileRef = D5DBF3BF294777BE00EEECAE /* Interactor.swift */; };
		D5DBF3C5294777BE00EEECAE /* Presenter.swift in Sources */ = {isa = PBXBuildFile; fileRef = D5DBF3C0294777BE00EEECAE /* Presenter.swift */; };
		D5DBF3C6294777BE00EEECAE /* LoaderView.swift in Sources */ = {isa = PBXBuildFile; fileRef = D5DBF3C1294777BE00EEECAE /* LoaderView.swift */; };
		D5DBF3CD2947786D00EEECAE /* SearchPresenter.swift in Sources */ = {isa = PBXBuildFile; fileRef = D5DBF3C92947786D00EEECAE /* SearchPresenter.swift */; };
		D5DBF3CE2947786D00EEECAE /* SearchViewController.swift in Sources */ = {isa = PBXBuildFile; fileRef = D5DBF3CA2947786D00EEECAE /* SearchViewController.swift */; };
		D5DBF3CF2947786D00EEECAE /* SearchInteractor.swift in Sources */ = {isa = PBXBuildFile; fileRef = D5DBF3CB2947786D00EEECAE /* SearchInteractor.swift */; };
		D5DBF3D02947786D00EEECAE /* SearchViewModel.swift in Sources */ = {isa = PBXBuildFile; fileRef = D5DBF3CC2947786D00EEECAE /* SearchViewModel.swift */; };
		D5DBF3D4294788B400EEECAE /* Colors.xcassets in Resources */ = {isa = PBXBuildFile; fileRef = D5DBF3D3294788B400EEECAE /* Colors.xcassets */; };
		D5DBF3E329478CD900EEECAE /* Search.storyboard in Resources */ = {isa = PBXBuildFile; fileRef = D5DBF3E229478CD900EEECAE /* Search.storyboard */; };
		D5F99C1A295200A50096FD86 /* DetailsPresenter.swift in Sources */ = {isa = PBXBuildFile; fileRef = D5F99C16295200A50096FD86 /* DetailsPresenter.swift */; };
		D5F99C1B295200A50096FD86 /* DetailsViewController.swift in Sources */ = {isa = PBXBuildFile; fileRef = D5F99C17295200A50096FD86 /* DetailsViewController.swift */; };
		D5F99C1C295200A50096FD86 /* DetailsInteractor.swift in Sources */ = {isa = PBXBuildFile; fileRef = D5F99C18295200A50096FD86 /* DetailsInteractor.swift */; };
		D5F99C1D295200A50096FD86 /* DetailsViewModel.swift in Sources */ = {isa = PBXBuildFile; fileRef = D5F99C19295200A50096FD86 /* DetailsViewModel.swift */; };
		D5F99C1F295205FB0096FD86 /* Details.storyboard in Resources */ = {isa = PBXBuildFile; fileRef = D5F99C1E295205FB0096FD86 /* Details.storyboard */; };
/* End PBXBuildFile section */

/* Begin PBXContainerItemProxy section */
		D59541B5296D676000F42D7B /* PBXContainerItemProxy */ = {
			isa = PBXContainerItemProxy;
			containerPortal = D59F3F2929472B410003818F /* Project object */;
			proxyType = 1;
			remoteGlobalIDString = D59F3F3029472B410003818F;
			remoteInfo = Reciplease;
		};
/* End PBXContainerItemProxy section */

/* Begin PBXFileReference section */
		4B1BFA1C60C12F8532967F57 /* Pods_Reciplease.framework */ = {isa = PBXFileReference; explicitFileType = wrapper.framework; includeInIndex = 0; path = Pods_Reciplease.framework; sourceTree = BUILT_PRODUCTS_DIR; };
		CD367923A9B6BA637161B2F5 /* Pods-Reciplease.release.xcconfig */ = {isa = PBXFileReference; includeInIndex = 1; lastKnownFileType = text.xcconfig; name = "Pods-Reciplease.release.xcconfig"; path = "Target Support Files/Pods-Reciplease/Pods-Reciplease.release.xcconfig"; sourceTree = "<group>"; };
		CEAB76DA42E321051F1F2FBB /* Pods-Reciplease.debug.xcconfig */ = {isa = PBXFileReference; includeInIndex = 1; lastKnownFileType = text.xcconfig; name = "Pods-Reciplease.debug.xcconfig"; path = "Target Support Files/Pods-Reciplease/Pods-Reciplease.debug.xcconfig"; sourceTree = "<group>"; };
		D52EA418298C05A70017E028 /* UIView+CornerRadius.swift */ = {isa = PBXFileReference; lastKnownFileType = sourcecode.swift; path = "UIView+CornerRadius.swift"; sourceTree = "<group>"; };
		D55DA8DA299A35B50047BC9B /* keys.xcconfig */ = {isa = PBXFileReference; lastKnownFileType = text.xcconfig; path = keys.xcconfig; sourceTree = "<group>"; };
		D569C59B2949D53600F86EBF /* TabBar.storyboard */ = {isa = PBXFileReference; lastKnownFileType = file.storyboard; path = TabBar.storyboard; sourceTree = "<group>"; };
		D569C59E294A0DAA00F86EBF /* SearchSectionHeader.swift */ = {isa = PBXFileReference; lastKnownFileType = sourcecode.swift; path = SearchSectionHeader.swift; sourceTree = "<group>"; };
		D569C5A0294A0DB600F86EBF /* SearchSectionHeader.xib */ = {isa = PBXFileReference; lastKnownFileType = file.xib; path = SearchSectionHeader.xib; sourceTree = "<group>"; };
		D569C5A5294A178300F86EBF /* APIRequest.swift */ = {isa = PBXFileReference; lastKnownFileType = sourcecode.swift; path = APIRequest.swift; sourceTree = "<group>"; };
		D569C5A7294A1E1D00F86EBF /* RecipesWorker.swift */ = {isa = PBXFileReference; lastKnownFileType = sourcecode.swift; path = RecipesWorker.swift; sourceTree = "<group>"; };
		D59541B1296D676000F42D7B /* RecipleaseTests.xctest */ = {isa = PBXFileReference; explicitFileType = wrapper.cfbundle; includeInIndex = 0; path = RecipleaseTests.xctest; sourceTree = BUILT_PRODUCTS_DIR; };
		D59541BD296D689B00F42D7B /* RecipesListTest.swift */ = {isa = PBXFileReference; lastKnownFileType = sourcecode.swift; path = RecipesListTest.swift; sourceTree = "<group>"; };
		D59541BF296D68B300F42D7B /* DetailsTests.swift */ = {isa = PBXFileReference; lastKnownFileType = sourcecode.swift; path = DetailsTests.swift; sourceTree = "<group>"; };
		D59541C1296D68CF00F42D7B /* SearchTests.swift */ = {isa = PBXFileReference; lastKnownFileType = sourcecode.swift; path = SearchTests.swift; sourceTree = "<group>"; };
		D59541C4296DAF9300F42D7B /* WorkerTests.swift */ = {isa = PBXFileReference; lastKnownFileType = sourcecode.swift; path = WorkerTests.swift; sourceTree = "<group>"; };
		D59541C6296DAFCB00F42D7B /* RecipesResponseSucces.json */ = {isa = PBXFileReference; lastKnownFileType = text.json; path = RecipesResponseSucces.json; sourceTree = "<group>"; };
		D59541CA296DB01B00F42D7B /* RecipesResponseFail.json */ = {isa = PBXFileReference; lastKnownFileType = text.json; path = RecipesResponseFail.json; sourceTree = "<group>"; };
		D59ABC7A29534CD400510FFF /* Reciplease.xcdatamodel */ = {isa = PBXFileReference; lastKnownFileType = wrapper.xcdatamodel; path = Reciplease.xcdatamodel; sourceTree = "<group>"; };
		D59ABC7C2953509800510FFF /* DB_Recipe.swift */ = {isa = PBXFileReference; lastKnownFileType = sourcecode.swift; path = DB_Recipe.swift; sourceTree = "<group>"; };
		D59AC558294B1CDB00B06B23 /* RecipeResponse.swift */ = {isa = PBXFileReference; lastKnownFileType = sourcecode.swift; path = RecipeResponse.swift; sourceTree = "<group>"; };
		D59AC55C294B541D00B06B23 /* RecipesListPresenter.swift */ = {isa = PBXFileReference; lastKnownFileType = sourcecode.swift; path = RecipesListPresenter.swift; sourceTree = "<group>"; };
		D59AC55D294B541D00B06B23 /* RecipesListViewController.swift */ = {isa = PBXFileReference; lastKnownFileType = sourcecode.swift; path = RecipesListViewController.swift; sourceTree = "<group>"; };
		D59AC55E294B541D00B06B23 /* RecipesListInteractor.swift */ = {isa = PBXFileReference; lastKnownFileType = sourcecode.swift; path = RecipesListInteractor.swift; sourceTree = "<group>"; };
		D59AC55F294B541D00B06B23 /* RecipesListViewModel.swift */ = {isa = PBXFileReference; lastKnownFileType = sourcecode.swift; path = RecipesListViewModel.swift; sourceTree = "<group>"; };
		D59AC565294B547400B06B23 /* Recipes.storyboard */ = {isa = PBXFileReference; lastKnownFileType = file.storyboard; path = Recipes.storyboard; sourceTree = "<group>"; };
		D59AC568294B5C0F00B06B23 /* RecipeCell.xib */ = {isa = PBXFileReference; lastKnownFileType = file.xib; path = RecipeCell.xib; sourceTree = "<group>"; };
		D59AC56A294B5C2100B06B23 /* RecipeCell.swift */ = {isa = PBXFileReference; lastKnownFileType = sourcecode.swift; path = RecipeCell.swift; sourceTree = "<group>"; };
		D59F3F3129472B410003818F /* Reciplease.app */ = {isa = PBXFileReference; explicitFileType = wrapper.application; includeInIndex = 0; path = Reciplease.app; sourceTree = BUILT_PRODUCTS_DIR; };
		D59F3F3429472B410003818F /* AppDelegate.swift */ = {isa = PBXFileReference; lastKnownFileType = sourcecode.swift; path = AppDelegate.swift; sourceTree = "<group>"; };
		D59F3F3629472B410003818F /* SceneDelegate.swift */ = {isa = PBXFileReference; lastKnownFileType = sourcecode.swift; path = SceneDelegate.swift; sourceTree = "<group>"; };
		D59F3F3D29472B440003818F /* Images.xcassets */ = {isa = PBXFileReference; lastKnownFileType = folder.assetcatalog; path = Images.xcassets; sourceTree = "<group>"; };
		D59F3F4029472B440003818F /* Base */ = {isa = PBXFileReference; lastKnownFileType = file.storyboard; name = Base; path = Base.lproj/LaunchScreen.storyboard; sourceTree = "<group>"; };
		D59F3F4229472B440003818F /* Info.plist */ = {isa = PBXFileReference; lastKnownFileType = text.plist.xml; path = Info.plist; sourceTree = "<group>"; };
		D5A01EB629783E3E00E922BD /* BaseTest.swift */ = {isa = PBXFileReference; lastKnownFileType = sourcecode.swift; path = BaseTest.swift; sourceTree = "<group>"; };
		D5A0EA1F29546BF50001164B /* DB_Ingredient.swift */ = {isa = PBXFileReference; lastKnownFileType = sourcecode.swift; path = DB_Ingredient.swift; sourceTree = "<group>"; };
		D5A0EA222954995E0001164B /* Recipe.swift */ = {isa = PBXFileReference; lastKnownFileType = sourcecode.swift; path = Recipe.swift; sourceTree = "<group>"; };
		D5AA729F2993A81D005379A9 /* Button.swift */ = {isa = PBXFileReference; lastKnownFileType = sourcecode.swift; path = Button.swift; sourceTree = "<group>"; };
		D5B2AE212976FCE2003DE0F3 /* RecipesResponseSucces.json */ = {isa = PBXFileReference; fileEncoding = 4; lastKnownFileType = text.json; path = RecipesResponseSucces.json; sourceTree = "<group>"; };
		D5B2AE232976FCF1003DE0F3 /* RecipesResponseFail.json */ = {isa = PBXFileReference; fileEncoding = 4; lastKnownFileType = text.json; path = RecipesResponseFail.json; sourceTree = "<group>"; };
		D5C489322950C7150056F131 /* RecipeCellStruct.swift */ = {isa = PBXFileReference; lastKnownFileType = sourcecode.swift; path = RecipeCellStruct.swift; sourceTree = "<group>"; };
		D5DBF3BD294777BE00EEECAE /* BaseViewController.swift */ = {isa = PBXFileReference; lastKnownFileType = sourcecode.swift; path = BaseViewController.swift; sourceTree = "<group>"; };
		D5DBF3BE294777BE00EEECAE /* ViewModel.swift */ = {isa = PBXFileReference; lastKnownFileType = sourcecode.swift; path = ViewModel.swift; sourceTree = "<group>"; };
		D5DBF3BF294777BE00EEECAE /* Interactor.swift */ = {isa = PBXFileReference; lastKnownFileType = sourcecode.swift; path = Interactor.swift; sourceTree = "<group>"; };
		D5DBF3C0294777BE00EEECAE /* Presenter.swift */ = {isa = PBXFileReference; lastKnownFileType = sourcecode.swift; path = Presenter.swift; sourceTree = "<group>"; };
		D5DBF3C1294777BE00EEECAE /* LoaderView.swift */ = {isa = PBXFileReference; lastKnownFileType = sourcecode.swift; path = LoaderView.swift; sourceTree = "<group>"; };
		D5DBF3C92947786D00EEECAE /* SearchPresenter.swift */ = {isa = PBXFileReference; lastKnownFileType = sourcecode.swift; path = SearchPresenter.swift; sourceTree = "<group>"; };
		D5DBF3CA2947786D00EEECAE /* SearchViewController.swift */ = {isa = PBXFileReference; lastKnownFileType = sourcecode.swift; path = SearchViewController.swift; sourceTree = "<group>"; };
		D5DBF3CB2947786D00EEECAE /* SearchInteractor.swift */ = {isa = PBXFileReference; lastKnownFileType = sourcecode.swift; path = SearchInteractor.swift; sourceTree = "<group>"; };
		D5DBF3CC2947786D00EEECAE /* SearchViewModel.swift */ = {isa = PBXFileReference; lastKnownFileType = sourcecode.swift; path = SearchViewModel.swift; sourceTree = "<group>"; };
		D5DBF3D3294788B400EEECAE /* Colors.xcassets */ = {isa = PBXFileReference; lastKnownFileType = folder.assetcatalog; path = Colors.xcassets; sourceTree = "<group>"; };
		D5DBF3E229478CD900EEECAE /* Search.storyboard */ = {isa = PBXFileReference; lastKnownFileType = file.storyboard; path = Search.storyboard; sourceTree = "<group>"; };
		D5F99C16295200A50096FD86 /* DetailsPresenter.swift */ = {isa = PBXFileReference; lastKnownFileType = sourcecode.swift; path = DetailsPresenter.swift; sourceTree = "<group>"; };
		D5F99C17295200A50096FD86 /* DetailsViewController.swift */ = {isa = PBXFileReference; lastKnownFileType = sourcecode.swift; path = DetailsViewController.swift; sourceTree = "<group>"; };
		D5F99C18295200A50096FD86 /* DetailsInteractor.swift */ = {isa = PBXFileReference; lastKnownFileType = sourcecode.swift; path = DetailsInteractor.swift; sourceTree = "<group>"; };
		D5F99C19295200A50096FD86 /* DetailsViewModel.swift */ = {isa = PBXFileReference; lastKnownFileType = sourcecode.swift; path = DetailsViewModel.swift; sourceTree = "<group>"; };
		D5F99C1E295205FB0096FD86 /* Details.storyboard */ = {isa = PBXFileReference; lastKnownFileType = file.storyboard; path = Details.storyboard; sourceTree = "<group>"; };
/* End PBXFileReference section */

/* Begin PBXFrameworksBuildPhase section */
		D59541AE296D676000F42D7B /* Frameworks */ = {
			isa = PBXFrameworksBuildPhase;
			buildActionMask = 2147483647;
			files = (
			);
			runOnlyForDeploymentPostprocessing = 0;
		};
		D59F3F2E29472B410003818F /* Frameworks */ = {
			isa = PBXFrameworksBuildPhase;
			buildActionMask = 2147483647;
			files = (
				CDC9662D652ACA37AFF4E6AB /* Pods_Reciplease.framework in Frameworks */,
			);
			runOnlyForDeploymentPostprocessing = 0;
		};
/* End PBXFrameworksBuildPhase section */

/* Begin PBXGroup section */
		72866227C5AD7280216FF0B5 /* Pods */ = {
			isa = PBXGroup;
			children = (
				CEAB76DA42E321051F1F2FBB /* Pods-Reciplease.debug.xcconfig */,
				CD367923A9B6BA637161B2F5 /* Pods-Reciplease.release.xcconfig */,
			);
			path = Pods;
			sourceTree = "<group>";
		};
		C85BA51BFF3802FDC2FEF21C /* Frameworks */ = {
			isa = PBXGroup;
			children = (
				4B1BFA1C60C12F8532967F57 /* Pods_Reciplease.framework */,
			);
			name = Frameworks;
			sourceTree = "<group>";
		};
		D52EA417298C05800017E028 /* Extensions */ = {
			isa = PBXGroup;
			children = (
				D52EA418298C05A70017E028 /* UIView+CornerRadius.swift */,
			);
			path = Extensions;
			sourceTree = "<group>";
		};
		D569C59A2949D51E00F86EBF /* TabBar */ = {
			isa = PBXGroup;
			children = (
				D569C59B2949D53600F86EBF /* TabBar.storyboard */,
			);
			path = TabBar;
			sourceTree = "<group>";
		};
		D569C59D294A0D8400F86EBF /* Views */ = {
			isa = PBXGroup;
			children = (
				D569C59E294A0DAA00F86EBF /* SearchSectionHeader.swift */,
				D569C5A0294A0DB600F86EBF /* SearchSectionHeader.xib */,
			);
			path = Views;
			sourceTree = "<group>";
		};
		D569C5A2294A174E00F86EBF /* Network */ = {
			isa = PBXGroup;
			children = (
				D569C5A4294A176E00F86EBF /* Response */,
				D569C5A3294A175F00F86EBF /* Request */,
			);
			path = Network;
			sourceTree = "<group>";
		};
		D569C5A3294A175F00F86EBF /* Request */ = {
			isa = PBXGroup;
			children = (
				D569C5A5294A178300F86EBF /* APIRequest.swift */,
			);
			path = Request;
			sourceTree = "<group>";
		};
		D569C5A4294A176E00F86EBF /* Response */ = {
			isa = PBXGroup;
			children = (
				D59AC558294B1CDB00B06B23 /* RecipeResponse.swift */,
			);
			path = Response;
			sourceTree = "<group>";
		};
		D59541B2296D676000F42D7B /* RecipleaseTests */ = {
			isa = PBXGroup;
			children = (
				D59541C3296DAF7C00F42D7B /* WorkerTests */,
				D59541BC296D67C100F42D7B /* RecipesListTests */,
				D59541BB296D679B00F42D7B /* DetailsTests */,
				D59541BA296D677300F42D7B /* SearchTests */,
			);
			path = RecipleaseTests;
			sourceTree = "<group>";
		};
		D59541BA296D677300F42D7B /* SearchTests */ = {
			isa = PBXGroup;
			children = (
				D59541C1296D68CF00F42D7B /* SearchTests.swift */,
			);
			path = SearchTests;
			sourceTree = "<group>";
		};
		D59541BB296D679B00F42D7B /* DetailsTests */ = {
			isa = PBXGroup;
			children = (
				D59541BF296D68B300F42D7B /* DetailsTests.swift */,
			);
			path = DetailsTests;
			sourceTree = "<group>";
		};
		D59541BC296D67C100F42D7B /* RecipesListTests */ = {
			isa = PBXGroup;
			children = (
				D59541BD296D689B00F42D7B /* RecipesListTest.swift */,
			);
			path = RecipesListTests;
			sourceTree = "<group>";
		};
		D59541C3296DAF7C00F42D7B /* WorkerTests */ = {
			isa = PBXGroup;
			children = (
				D59541C4296DAF9300F42D7B /* WorkerTests.swift */,
				D59541C6296DAFCB00F42D7B /* RecipesResponseSucces.json */,
				D59541CA296DB01B00F42D7B /* RecipesResponseFail.json */,
			);
			path = WorkerTests;
			sourceTree = "<group>";
		};
		D596479D2965C3CC009814DB /* Views */ = {
			isa = PBXGroup;
			children = (
			);
			path = Views;
			sourceTree = "<group>";
		};
		D59ABC7729534AB900510FFF /* Data */ = {
			isa = PBXGroup;
			children = (
				D5A5D27A298AC1B60022002C /* Mocks */,
				D59ABC7829534C9F00510FFF /* CoreData */,
				D5A0EA21295499430001164B /* Models */,
			);
			path = Data;
			sourceTree = "<group>";
		};
		D59ABC7829534C9F00510FFF /* CoreData */ = {
			isa = PBXGroup;
			children = (
				D59ABC7929534CD400510FFF /* Reciplease.xcdatamodeld */,
				D59ABC7C2953509800510FFF /* DB_Recipe.swift */,
				D5A0EA1F29546BF50001164B /* DB_Ingredient.swift */,
			);
			path = CoreData;
			sourceTree = "<group>";
		};
		D59AC55A294B53E200B06B23 /* Recipes */ = {
			isa = PBXGroup;
			children = (
				D5F99C15295200650096FD86 /* Details */,
				D59AC55B294B53F100B06B23 /* List */,
				D59AC565294B547400B06B23 /* Recipes.storyboard */,
				D5F99C1E295205FB0096FD86 /* Details.storyboard */,
			);
			path = Recipes;
			sourceTree = "<group>";
		};
		D59AC55B294B53F100B06B23 /* List */ = {
			isa = PBXGroup;
			children = (
				D59AC567294B5BED00B06B23 /* Views */,
				D59AC55D294B541D00B06B23 /* RecipesListViewController.swift */,
				D59AC55E294B541D00B06B23 /* RecipesListInteractor.swift */,
				D59AC55C294B541D00B06B23 /* RecipesListPresenter.swift */,
				D59AC55F294B541D00B06B23 /* RecipesListViewModel.swift */,
			);
			path = List;
			sourceTree = "<group>";
		};
		D59AC567294B5BED00B06B23 /* Views */ = {
			isa = PBXGroup;
			children = (
				D59AC568294B5C0F00B06B23 /* RecipeCell.xib */,
				D59AC56A294B5C2100B06B23 /* RecipeCell.swift */,
				D5C489322950C7150056F131 /* RecipeCellStruct.swift */,
			);
			path = Views;
			sourceTree = "<group>";
		};
		D59F3F2829472B410003818F = {
			isa = PBXGroup;
			children = (
				D59F3F3329472B410003818F /* Reciplease */,
				D59541B2296D676000F42D7B /* RecipleaseTests */,
				D59F3F3229472B410003818F /* Products */,
				72866227C5AD7280216FF0B5 /* Pods */,
				C85BA51BFF3802FDC2FEF21C /* Frameworks */,
			);
			sourceTree = "<group>";
		};
		D59F3F3229472B410003818F /* Products */ = {
			isa = PBXGroup;
			children = (
				D59F3F3129472B410003818F /* Reciplease.app */,
				D59541B1296D676000F42D7B /* RecipleaseTests.xctest */,
			);
			name = Products;
			sourceTree = "<group>";
		};
		D59F3F3329472B410003818F /* Reciplease */ = {
			isa = PBXGroup;
			children = (
				D59ABC7729534AB900510FFF /* Data */,
				D569C5A2294A174E00F86EBF /* Network */,
				D5DBF3C72947780400EEECAE /* Modules */,
				D59F3F4C2947318D0003818F /* Workers */,
				D5DBF3D12947883E00EEECAE /* Helpers */,
				D5DBF3D22947884700EEECAE /* Resources */,
			);
			path = Reciplease;
			sourceTree = "<group>";
		};
		D59F3F4C2947318D0003818F /* Workers */ = {
			isa = PBXGroup;
			children = (
				D569C5A7294A1E1D00F86EBF /* RecipesWorker.swift */,
			);
			path = Workers;
			sourceTree = "<group>";
		};
		D5A01EB529783E2A00E922BD /* Base Test */ = {
			isa = PBXGroup;
			children = (
				D5A01EB629783E3E00E922BD /* BaseTest.swift */,
			);
			path = "Base Test";
			sourceTree = "<group>";
		};
		D5A0EA21295499430001164B /* Models */ = {
			isa = PBXGroup;
			children = (
				D5A0EA222954995E0001164B /* Recipe.swift */,
			);
			path = Models;
			sourceTree = "<group>";
		};
		D5A5D27A298AC1B60022002C /* Mocks */ = {
			isa = PBXGroup;
			children = (
				D5B2AE232976FCF1003DE0F3 /* RecipesResponseFail.json */,
				D5B2AE212976FCE2003DE0F3 /* RecipesResponseSucces.json */,
			);
			path = Mocks;
			sourceTree = "<group>";
		};
		D5AA729E2993A804005379A9 /* Components */ = {
			isa = PBXGroup;
			children = (
				D5AA729F2993A81D005379A9 /* Button.swift */,
			);
			path = Components;
			sourceTree = "<group>";
		};
		D5DBF3BC2947778A00EEECAE /* Base */ = {
			isa = PBXGroup;
			children = (
				D5DBF3BD294777BE00EEECAE /* BaseViewController.swift */,
				D5DBF3BE294777BE00EEECAE /* ViewModel.swift */,
				D5DBF3BF294777BE00EEECAE /* Interactor.swift */,
				D5DBF3C0294777BE00EEECAE /* Presenter.swift */,
				D5DBF3C1294777BE00EEECAE /* LoaderView.swift */,
			);
			path = Base;
			sourceTree = "<group>";
		};
		D5DBF3C72947780400EEECAE /* Modules */ = {
			isa = PBXGroup;
			children = (
				D59AC55A294B53E200B06B23 /* Recipes */,
				D569C59A2949D51E00F86EBF /* TabBar */,
				D5DBF3D5294788CD00EEECAE /* App */,
				D5DBF3C82947781100EEECAE /* Search */,
			);
			path = Modules;
			sourceTree = "<group>";
		};
		D5DBF3C82947781100EEECAE /* Search */ = {
			isa = PBXGroup;
			children = (
				D569C59D294A0D8400F86EBF /* Views */,
				D5DBF3CA2947786D00EEECAE /* SearchViewController.swift */,
				D5DBF3CB2947786D00EEECAE /* SearchInteractor.swift */,
				D5DBF3C92947786D00EEECAE /* SearchPresenter.swift */,
				D5DBF3CC2947786D00EEECAE /* SearchViewModel.swift */,
				D5DBF3E229478CD900EEECAE /* Search.storyboard */,
			);
			path = Search;
			sourceTree = "<group>";
		};
		D5DBF3D12947883E00EEECAE /* Helpers */ = {
			isa = PBXGroup;
			children = (
				D5AA729E2993A804005379A9 /* Components */,
				D52EA417298C05800017E028 /* Extensions */,
				D5A01EB529783E2A00E922BD /* Base Test */,
				D55DA8DA299A35B50047BC9B /* keys.xcconfig */,
			);
			path = Helpers;
			sourceTree = "<group>";
		};
		D5DBF3D22947884700EEECAE /* Resources */ = {
			isa = PBXGroup;
			children = (
				D5DBF3BC2947778A00EEECAE /* Base */,
				D59F3F4229472B440003818F /* Info.plist */,
				D59F3F3D29472B440003818F /* Images.xcassets */,
				D5DBF3D3294788B400EEECAE /* Colors.xcassets */,
			);
			path = Resources;
			sourceTree = "<group>";
		};
		D5DBF3D5294788CD00EEECAE /* App */ = {
			isa = PBXGroup;
			children = (
				D59F3F3629472B410003818F /* SceneDelegate.swift */,
				D59F3F3429472B410003818F /* AppDelegate.swift */,
				D59F3F3F29472B440003818F /* LaunchScreen.storyboard */,
			);
			path = App;
			sourceTree = "<group>";
		};
		D5F99C15295200650096FD86 /* Details */ = {
			isa = PBXGroup;
			children = (
				D596479D2965C3CC009814DB /* Views */,
				D5F99C17295200A50096FD86 /* DetailsViewController.swift */,
				D5F99C18295200A50096FD86 /* DetailsInteractor.swift */,
				D5F99C16295200A50096FD86 /* DetailsPresenter.swift */,
				D5F99C19295200A50096FD86 /* DetailsViewModel.swift */,
			);
			path = Details;
			sourceTree = "<group>";
		};
/* End PBXGroup section */

/* Begin PBXNativeTarget section */
		D59541B0296D676000F42D7B /* RecipleaseTests */ = {
			isa = PBXNativeTarget;
			buildConfigurationList = D59541B7296D676000F42D7B /* Build configuration list for PBXNativeTarget "RecipleaseTests" */;
			buildPhases = (
				D59541AD296D676000F42D7B /* Sources */,
				D59541AE296D676000F42D7B /* Frameworks */,
				D59541AF296D676000F42D7B /* Resources */,
			);
			buildRules = (
			);
			dependencies = (
				D59541B6296D676000F42D7B /* PBXTargetDependency */,
			);
			name = RecipleaseTests;
			productName = RecipleaseTests;
			productReference = D59541B1296D676000F42D7B /* RecipleaseTests.xctest */;
			productType = "com.apple.product-type.bundle.unit-test";
		};
		D59F3F3029472B410003818F /* Reciplease */ = {
			isa = PBXNativeTarget;
			buildConfigurationList = D59F3F4529472B440003818F /* Build configuration list for PBXNativeTarget "Reciplease" */;
			buildPhases = (
				521ED2D418DE5C2FD5A0C044 /* [CP] Check Pods Manifest.lock */,
				D5DBF3DF29478AD500EEECAE /* Swiftlint */,
				D59F3F2D29472B410003818F /* Sources */,
				D59F3F2E29472B410003818F /* Frameworks */,
				D59F3F2F29472B410003818F /* Resources */,
				1396E3CE46164337266E8FD7 /* [CP] Embed Pods Frameworks */,
			);
			buildRules = (
			);
			dependencies = (
			);
			name = Reciplease;
			productName = Reciplease;
			productReference = D59F3F3129472B410003818F /* Reciplease.app */;
			productType = "com.apple.product-type.application";
		};
/* End PBXNativeTarget section */

/* Begin PBXProject section */
		D59F3F2929472B410003818F /* Project object */ = {
			isa = PBXProject;
			attributes = {
				BuildIndependentTargetsInParallel = 1;
				LastSwiftUpdateCheck = 1400;
				LastUpgradeCheck = 1400;
				TargetAttributes = {
					D59541B0296D676000F42D7B = {
						CreatedOnToolsVersion = 14.0.1;
						TestTargetID = D59F3F3029472B410003818F;
					};
					D59F3F3029472B410003818F = {
						CreatedOnToolsVersion = 14.0.1;
					};
				};
			};
			buildConfigurationList = D59F3F2C29472B410003818F /* Build configuration list for PBXProject "Reciplease" */;
			compatibilityVersion = "Xcode 13.0";
			developmentRegion = en;
			hasScannedForEncodings = 0;
			knownRegions = (
				en,
				Base,
			);
			mainGroup = D59F3F2829472B410003818F;
			productRefGroup = D59F3F3229472B410003818F /* Products */;
			projectDirPath = "";
			projectRoot = "";
			targets = (
				D59F3F3029472B410003818F /* Reciplease */,
				D59541B0296D676000F42D7B /* RecipleaseTests */,
			);
		};
/* End PBXProject section */

/* Begin PBXResourcesBuildPhase section */
		D59541AF296D676000F42D7B /* Resources */ = {
			isa = PBXResourcesBuildPhase;
			buildActionMask = 2147483647;
			files = (
				D59541CB296DB01B00F42D7B /* RecipesResponseFail.json in Resources */,
				D59541C7296DAFCB00F42D7B /* RecipesResponseSucces.json in Resources */,
			);
			runOnlyForDeploymentPostprocessing = 0;
		};
		D59F3F2F29472B410003818F /* Resources */ = {
			isa = PBXResourcesBuildPhase;
			buildActionMask = 2147483647;
			files = (
				D52EA416298BBE510017E028 /* RecipesResponseSucces.json in Resources */,
				D52EA415298BBE480017E028 /* RecipesResponseFail.json in Resources */,
				D59F3F4129472B440003818F /* LaunchScreen.storyboard in Resources */,
				D59AC569294B5C0F00B06B23 /* RecipeCell.xib in Resources */,
				D55DA8DB299A35B50047BC9B /* keys.xcconfig in Resources */,
				D5DBF3D4294788B400EEECAE /* Colors.xcassets in Resources */,
				D59F3F3E29472B440003818F /* Images.xcassets in Resources */,
				D5F99C1F295205FB0096FD86 /* Details.storyboard in Resources */,
				D59AC566294B547500B06B23 /* Recipes.storyboard in Resources */,
				D569C59C2949D53600F86EBF /* TabBar.storyboard in Resources */,
				D569C5A1294A0DB600F86EBF /* SearchSectionHeader.xib in Resources */,
				D5DBF3E329478CD900EEECAE /* Search.storyboard in Resources */,
			);
			runOnlyForDeploymentPostprocessing = 0;
		};
/* End PBXResourcesBuildPhase section */

/* Begin PBXShellScriptBuildPhase section */
		1396E3CE46164337266E8FD7 /* [CP] Embed Pods Frameworks */ = {
			isa = PBXShellScriptBuildPhase;
			buildActionMask = 2147483647;
			files = (
			);
			inputFileListPaths = (
				"${PODS_ROOT}/Target Support Files/Pods-Reciplease/Pods-Reciplease-frameworks-${CONFIGURATION}-input-files.xcfilelist",
			);
			name = "[CP] Embed Pods Frameworks";
			outputFileListPaths = (
				"${PODS_ROOT}/Target Support Files/Pods-Reciplease/Pods-Reciplease-frameworks-${CONFIGURATION}-output-files.xcfilelist",
			);
			runOnlyForDeploymentPostprocessing = 0;
			shellPath = /bin/sh;
			shellScript = "\"${PODS_ROOT}/Target Support Files/Pods-Reciplease/Pods-Reciplease-frameworks.sh\"\n";
			showEnvVarsInLog = 0;
		};
		521ED2D418DE5C2FD5A0C044 /* [CP] Check Pods Manifest.lock */ = {
			isa = PBXShellScriptBuildPhase;
			buildActionMask = 2147483647;
			files = (
			);
			inputFileListPaths = (
			);
			inputPaths = (
				"${PODS_PODFILE_DIR_PATH}/Podfile.lock",
				"${PODS_ROOT}/Manifest.lock",
			);
			name = "[CP] Check Pods Manifest.lock";
			outputFileListPaths = (
			);
			outputPaths = (
				"$(DERIVED_FILE_DIR)/Pods-Reciplease-checkManifestLockResult.txt",
			);
			runOnlyForDeploymentPostprocessing = 0;
			shellPath = /bin/sh;
			shellScript = "diff \"${PODS_PODFILE_DIR_PATH}/Podfile.lock\" \"${PODS_ROOT}/Manifest.lock\" > /dev/null\nif [ $? != 0 ] ; then\n    # print error to STDERR\n    echo \"error: The sandbox is not in sync with the Podfile.lock. Run 'pod install' or update your CocoaPods installation.\" >&2\n    exit 1\nfi\n# This output is used by Xcode 'outputs' to avoid re-running this script phase.\necho \"SUCCESS\" > \"${SCRIPT_OUTPUT_FILE_0}\"\n";
			showEnvVarsInLog = 0;
		};
		D5DBF3DF29478AD500EEECAE /* Swiftlint */ = {
			isa = PBXShellScriptBuildPhase;
			buildActionMask = 2147483647;
			files = (
			);
			inputFileListPaths = (
			);
			inputPaths = (
			);
			name = Swiftlint;
			outputFileListPaths = (
			);
			outputPaths = (
			);
			runOnlyForDeploymentPostprocessing = 0;
			shellPath = /bin/sh;
			shellScript = "export PATH=\"$PATH:/opt/homebrew/bin\"\nif which swiftlint > /dev/null; then\n  swiftlint\nelse\n  echo \"warning: SwiftLint not installed, download from https://github.com/realm/SwiftLint\"\nfi\n";
		};
/* End PBXShellScriptBuildPhase section */

/* Begin PBXSourcesBuildPhase section */
		D59541AD296D676000F42D7B /* Sources */ = {
			isa = PBXSourcesBuildPhase;
			buildActionMask = 2147483647;
			files = (
				D59541C2296D68CF00F42D7B /* SearchTests.swift in Sources */,
				D5A01EB829783ED000E922BD /* BaseTest.swift in Sources */,
				D59541C5296DAF9300F42D7B /* WorkerTests.swift in Sources */,
				D59541C0296D68B300F42D7B /* DetailsTests.swift in Sources */,
				D59541BE296D689B00F42D7B /* RecipesListTest.swift in Sources */,
			);
			runOnlyForDeploymentPostprocessing = 0;
		};
		D59F3F2D29472B410003818F /* Sources */ = {
			isa = PBXSourcesBuildPhase;
			buildActionMask = 2147483647;
			files = (
				D59AC562294B541D00B06B23 /* RecipesListInteractor.swift in Sources */,
				D5F99C1B295200A50096FD86 /* DetailsViewController.swift in Sources */,
				D59AC56B294B5C2100B06B23 /* RecipeCell.swift in Sources */,
				D5DBF3C2294777BE00EEECAE /* BaseViewController.swift in Sources */,
				D5F99C1D295200A50096FD86 /* DetailsViewModel.swift in Sources */,
				D5AA72A02993A81D005379A9 /* Button.swift in Sources */,
				D5DBF3CE2947786D00EEECAE /* SearchViewController.swift in Sources */,
				D59AC559294B1CDB00B06B23 /* RecipeResponse.swift in Sources */,
				D569C5A8294A1E1D00F86EBF /* RecipesWorker.swift in Sources */,
				D5F99C1A295200A50096FD86 /* DetailsPresenter.swift in Sources */,
				D52EA419298C05A70017E028 /* UIView+CornerRadius.swift in Sources */,
				D59ABC7B29534CD400510FFF /* Reciplease.xcdatamodeld in Sources */,
				D59ABC7D2953509800510FFF /* DB_Recipe.swift in Sources */,
				D5DBF3CD2947786D00EEECAE /* SearchPresenter.swift in Sources */,
				D5DBF3C5294777BE00EEECAE /* Presenter.swift in Sources */,
				D569C59F294A0DAA00F86EBF /* SearchSectionHeader.swift in Sources */,
				D5F99C1C295200A50096FD86 /* DetailsInteractor.swift in Sources */,
				D5DBF3D02947786D00EEECAE /* SearchViewModel.swift in Sources */,
				D59F3F3529472B410003818F /* AppDelegate.swift in Sources */,
				D5A0EA232954995E0001164B /* Recipe.swift in Sources */,
				D5DBF3CF2947786D00EEECAE /* SearchInteractor.swift in Sources */,
				D59AC563294B541D00B06B23 /* RecipesListViewModel.swift in Sources */,
				D5DBF3C3294777BE00EEECAE /* ViewModel.swift in Sources */,
				D5DBF3C4294777BE00EEECAE /* Interactor.swift in Sources */,
				D59AC560294B541D00B06B23 /* RecipesListPresenter.swift in Sources */,
				D59AC561294B541D00B06B23 /* RecipesListViewController.swift in Sources */,
				D569C5A6294A178300F86EBF /* APIRequest.swift in Sources */,
				D5A0EA2029546BF50001164B /* DB_Ingredient.swift in Sources */,
				D59F3F3729472B410003818F /* SceneDelegate.swift in Sources */,
				D5DBF3C6294777BE00EEECAE /* LoaderView.swift in Sources */,
				D5C489332950C7150056F131 /* RecipeCellStruct.swift in Sources */,
			);
			runOnlyForDeploymentPostprocessing = 0;
		};
/* End PBXSourcesBuildPhase section */

/* Begin PBXTargetDependency section */
		D59541B6296D676000F42D7B /* PBXTargetDependency */ = {
			isa = PBXTargetDependency;
			target = D59F3F3029472B410003818F /* Reciplease */;
			targetProxy = D59541B5296D676000F42D7B /* PBXContainerItemProxy */;
		};
/* End PBXTargetDependency section */

/* Begin PBXVariantGroup section */
		D59F3F3F29472B440003818F /* LaunchScreen.storyboard */ = {
			isa = PBXVariantGroup;
			children = (
				D59F3F4029472B440003818F /* Base */,
			);
			name = LaunchScreen.storyboard;
			sourceTree = "<group>";
		};
/* End PBXVariantGroup section */

/* Begin XCBuildConfiguration section */
		D59541B8296D676000F42D7B /* Debug */ = {
			isa = XCBuildConfiguration;
			buildSettings = {
				BUNDLE_LOADER = "$(TEST_HOST)";
				CODE_SIGN_STYLE = Automatic;
				CURRENT_PROJECT_VERSION = 1;
				DEVELOPMENT_TEAM = R5JMJ79UR6;
				GENERATE_INFOPLIST_FILE = YES;
				IPHONEOS_DEPLOYMENT_TARGET = 16.0;
				MARKETING_VERSION = 1.0;
				PRODUCT_BUNDLE_IDENTIFIER = ExomindOpenclassrooms.RecipleaseTests;
				PRODUCT_NAME = "$(TARGET_NAME)";
				SWIFT_EMIT_LOC_STRINGS = NO;
				SWIFT_VERSION = 5.0;
				TARGETED_DEVICE_FAMILY = "1,2";
				TEST_HOST = "$(BUILT_PRODUCTS_DIR)/Reciplease.app/$(BUNDLE_EXECUTABLE_FOLDER_PATH)/Reciplease";
			};
			name = Debug;
		};
		D59541B9296D676000F42D7B /* Release */ = {
			isa = XCBuildConfiguration;
			buildSettings = {
				BUNDLE_LOADER = "$(TEST_HOST)";
				CODE_SIGN_STYLE = Automatic;
				CURRENT_PROJECT_VERSION = 1;
				DEVELOPMENT_TEAM = R5JMJ79UR6;
				GENERATE_INFOPLIST_FILE = YES;
				IPHONEOS_DEPLOYMENT_TARGET = 16.0;
				MARKETING_VERSION = 1.0;
				PRODUCT_BUNDLE_IDENTIFIER = ExomindOpenclassrooms.RecipleaseTests;
				PRODUCT_NAME = "$(TARGET_NAME)";
				SWIFT_EMIT_LOC_STRINGS = NO;
				SWIFT_VERSION = 5.0;
				TARGETED_DEVICE_FAMILY = "1,2";
				TEST_HOST = "$(BUILT_PRODUCTS_DIR)/Reciplease.app/$(BUNDLE_EXECUTABLE_FOLDER_PATH)/Reciplease";
			};
			name = Release;
		};
		D59F3F4329472B440003818F /* Debug */ = {
			isa = XCBuildConfiguration;
			baseConfigurationReference = D55DA8DA299A35B50047BC9B /* keys.xcconfig */;
			buildSettings = {
				ALWAYS_SEARCH_USER_PATHS = NO;
				CLANG_ANALYZER_NONNULL = YES;
				CLANG_ANALYZER_NUMBER_OBJECT_CONVERSION = YES_AGGRESSIVE;
				CLANG_CXX_LANGUAGE_STANDARD = "gnu++20";
				CLANG_ENABLE_MODULES = YES;
				CLANG_ENABLE_OBJC_ARC = YES;
				CLANG_ENABLE_OBJC_WEAK = YES;
				CLANG_WARN_BLOCK_CAPTURE_AUTORELEASING = YES;
				CLANG_WARN_BOOL_CONVERSION = YES;
				CLANG_WARN_COMMA = YES;
				CLANG_WARN_CONSTANT_CONVERSION = YES;
				CLANG_WARN_DEPRECATED_OBJC_IMPLEMENTATIONS = YES;
				CLANG_WARN_DIRECT_OBJC_ISA_USAGE = YES_ERROR;
				CLANG_WARN_DOCUMENTATION_COMMENTS = YES;
				CLANG_WARN_EMPTY_BODY = YES;
				CLANG_WARN_ENUM_CONVERSION = YES;
				CLANG_WARN_INFINITE_RECURSION = YES;
				CLANG_WARN_INT_CONVERSION = YES;
				CLANG_WARN_NON_LITERAL_NULL_CONVERSION = YES;
				CLANG_WARN_OBJC_IMPLICIT_RETAIN_SELF = YES;
				CLANG_WARN_OBJC_LITERAL_CONVERSION = YES;
				CLANG_WARN_OBJC_ROOT_CLASS = YES_ERROR;
				CLANG_WARN_QUOTED_INCLUDE_IN_FRAMEWORK_HEADER = YES;
				CLANG_WARN_RANGE_LOOP_ANALYSIS = YES;
				CLANG_WARN_STRICT_PROTOTYPES = YES;
				CLANG_WARN_SUSPICIOUS_MOVE = YES;
				CLANG_WARN_UNGUARDED_AVAILABILITY = YES_AGGRESSIVE;
				CLANG_WARN_UNREACHABLE_CODE = YES;
				CLANG_WARN__DUPLICATE_METHOD_MATCH = YES;
				COPY_PHASE_STRIP = NO;
				DEBUG_INFORMATION_FORMAT = dwarf;
				ENABLE_STRICT_OBJC_MSGSEND = YES;
				ENABLE_TESTABILITY = YES;
				GCC_C_LANGUAGE_STANDARD = gnu11;
				GCC_DYNAMIC_NO_PIC = NO;
				GCC_NO_COMMON_BLOCKS = YES;
				GCC_OPTIMIZATION_LEVEL = 0;
				GCC_PREPROCESSOR_DEFINITIONS = (
					"DEBUG=1",
					"$(inherited)",
				);
				GCC_WARN_64_TO_32_BIT_CONVERSION = YES;
				GCC_WARN_ABOUT_RETURN_TYPE = YES_ERROR;
				GCC_WARN_UNDECLARED_SELECTOR = YES;
				GCC_WARN_UNINITIALIZED_AUTOS = YES_AGGRESSIVE;
				GCC_WARN_UNUSED_FUNCTION = YES;
				GCC_WARN_UNUSED_VARIABLE = YES;
				IPHONEOS_DEPLOYMENT_TARGET = 14.0;
				MTL_ENABLE_DEBUG_INFO = INCLUDE_SOURCE;
				MTL_FAST_MATH = YES;
				ONLY_ACTIVE_ARCH = YES;
				SDKROOT = iphoneos;
				SWIFT_ACTIVE_COMPILATION_CONDITIONS = DEBUG;
				SWIFT_OPTIMIZATION_LEVEL = "-Onone";
			};
			name = Debug;
		};
		D59F3F4429472B440003818F /* Release */ = {
			isa = XCBuildConfiguration;
			buildSettings = {
				ALWAYS_SEARCH_USER_PATHS = NO;
				CLANG_ANALYZER_NONNULL = YES;
				CLANG_ANALYZER_NUMBER_OBJECT_CONVERSION = YES_AGGRESSIVE;
				CLANG_CXX_LANGUAGE_STANDARD = "gnu++20";
				CLANG_ENABLE_MODULES = YES;
				CLANG_ENABLE_OBJC_ARC = YES;
				CLANG_ENABLE_OBJC_WEAK = YES;
				CLANG_WARN_BLOCK_CAPTURE_AUTORELEASING = YES;
				CLANG_WARN_BOOL_CONVERSION = YES;
				CLANG_WARN_COMMA = YES;
				CLANG_WARN_CONSTANT_CONVERSION = YES;
				CLANG_WARN_DEPRECATED_OBJC_IMPLEMENTATIONS = YES;
				CLANG_WARN_DIRECT_OBJC_ISA_USAGE = YES_ERROR;
				CLANG_WARN_DOCUMENTATION_COMMENTS = YES;
				CLANG_WARN_EMPTY_BODY = YES;
				CLANG_WARN_ENUM_CONVERSION = YES;
				CLANG_WARN_INFINITE_RECURSION = YES;
				CLANG_WARN_INT_CONVERSION = YES;
				CLANG_WARN_NON_LITERAL_NULL_CONVERSION = YES;
				CLANG_WARN_OBJC_IMPLICIT_RETAIN_SELF = YES;
				CLANG_WARN_OBJC_LITERAL_CONVERSION = YES;
				CLANG_WARN_OBJC_ROOT_CLASS = YES_ERROR;
				CLANG_WARN_QUOTED_INCLUDE_IN_FRAMEWORK_HEADER = YES;
				CLANG_WARN_RANGE_LOOP_ANALYSIS = YES;
				CLANG_WARN_STRICT_PROTOTYPES = YES;
				CLANG_WARN_SUSPICIOUS_MOVE = YES;
				CLANG_WARN_UNGUARDED_AVAILABILITY = YES_AGGRESSIVE;
				CLANG_WARN_UNREACHABLE_CODE = YES;
				CLANG_WARN__DUPLICATE_METHOD_MATCH = YES;
				COPY_PHASE_STRIP = NO;
				DEBUG_INFORMATION_FORMAT = "dwarf-with-dsym";
				ENABLE_NS_ASSERTIONS = NO;
				ENABLE_STRICT_OBJC_MSGSEND = YES;
				GCC_C_LANGUAGE_STANDARD = gnu11;
				GCC_NO_COMMON_BLOCKS = YES;
				GCC_WARN_64_TO_32_BIT_CONVERSION = YES;
				GCC_WARN_ABOUT_RETURN_TYPE = YES_ERROR;
				GCC_WARN_UNDECLARED_SELECTOR = YES;
				GCC_WARN_UNINITIALIZED_AUTOS = YES_AGGRESSIVE;
				GCC_WARN_UNUSED_FUNCTION = YES;
				GCC_WARN_UNUSED_VARIABLE = YES;
				IPHONEOS_DEPLOYMENT_TARGET = 14.0;
				MTL_ENABLE_DEBUG_INFO = NO;
				MTL_FAST_MATH = YES;
				SDKROOT = iphoneos;
				SWIFT_COMPILATION_MODE = wholemodule;
				SWIFT_OPTIMIZATION_LEVEL = "-O";
				VALIDATE_PRODUCT = YES;
			};
			name = Release;
		};
		D59F3F4629472B440003818F /* Debug */ = {
			isa = XCBuildConfiguration;
			baseConfigurationReference = CEAB76DA42E321051F1F2FBB /* Pods-Reciplease.debug.xcconfig */;
			buildSettings = {
				ASSETCATALOG_COMPILER_APPICON_NAME = AppIcon;
				ASSETCATALOG_COMPILER_GLOBAL_ACCENT_COLOR_NAME = AccentColor;
				CODE_SIGN_STYLE = Automatic;
				CURRENT_PROJECT_VERSION = 1;
				DEVELOPMENT_TEAM = R5JMJ79UR6;
				GENERATE_INFOPLIST_FILE = YES;
				INFOPLIST_FILE = Reciplease/Resources/Info.plist;
				INFOPLIST_KEY_UIApplicationSupportsIndirectInputEvents = YES;
				INFOPLIST_KEY_UILaunchStoryboardName = LaunchScreen.storyboard;
				INFOPLIST_KEY_UIMainStoryboardFile = TabBar;
				INFOPLIST_KEY_UISupportedInterfaceOrientations = UIInterfaceOrientationPortrait;
				IPHONEOS_DEPLOYMENT_TARGET = 13.0;
				LD_RUNPATH_SEARCH_PATHS = (
					"$(inherited)",
					"@executable_path/Frameworks",
				);
				MARKETING_VERSION = 1.0;
				PRODUCT_BUNDLE_IDENTIFIER = ExomindOpenclassrooms.Reciplease;
				PRODUCT_NAME = "$(TARGET_NAME)";
				SUPPORTED_PLATFORMS = "iphoneos iphonesimulator";
				SUPPORTS_MACCATALYST = NO;
				SUPPORTS_MAC_DESIGNED_FOR_IPHONE_IPAD = NO;
				SWIFT_EMIT_LOC_STRINGS = YES;
				SWIFT_VERSION = 5.0;
				TARGETED_DEVICE_FAMILY = 1;
			};
			name = Debug;
		};
		D59F3F4729472B440003818F /* Release */ = {
			isa = XCBuildConfiguration;
			baseConfigurationReference = CEAB76DA42E321051F1F2FBB /* Pods-Reciplease.debug.xcconfig */;
			buildSettings = {
				ASSETCATALOG_COMPILER_APPICON_NAME = AppIcon;
				ASSETCATALOG_COMPILER_GLOBAL_ACCENT_COLOR_NAME = AccentColor;
				CODE_SIGN_STYLE = Automatic;
				CURRENT_PROJECT_VERSION = 1;
				DEVELOPMENT_TEAM = R5JMJ79UR6;
				GENERATE_INFOPLIST_FILE = YES;
				INFOPLIST_FILE = Reciplease/Resources/Info.plist;
				INFOPLIST_KEY_UIApplicationSupportsIndirectInputEvents = YES;
				INFOPLIST_KEY_UILaunchStoryboardName = LaunchScreen.storyboard;
				INFOPLIST_KEY_UIMainStoryboardFile = TabBar;
				INFOPLIST_KEY_UISupportedInterfaceOrientations = UIInterfaceOrientationPortrait;
				IPHONEOS_DEPLOYMENT_TARGET = 13.0;
				LD_RUNPATH_SEARCH_PATHS = (
					"$(inherited)",
					"@executable_path/Frameworks",
				);
				MARKETING_VERSION = 1.0;
				PRODUCT_BUNDLE_IDENTIFIER = ExomindOpenclassrooms.Reciplease;
				PRODUCT_NAME = "$(TARGET_NAME)";
				SUPPORTED_PLATFORMS = "iphoneos iphonesimulator";
				SUPPORTS_MACCATALYST = NO;
				SUPPORTS_MAC_DESIGNED_FOR_IPHONE_IPAD = NO;
				SWIFT_EMIT_LOC_STRINGS = YES;
				SWIFT_VERSION = 5.0;
				TARGETED_DEVICE_FAMILY = 1;
			};
			name = Release;
		};
/* End XCBuildConfiguration section */

/* Begin XCConfigurationList section */
		D59541B7296D676000F42D7B /* Build configuration list for PBXNativeTarget "RecipleaseTests" */ = {
			isa = XCConfigurationList;
			buildConfigurations = (
				D59541B8296D676000F42D7B /* Debug */,
				D59541B9296D676000F42D7B /* Release */,
			);
			defaultConfigurationIsVisible = 0;
			defaultConfigurationName = Release;
		};
		D59F3F2C29472B410003818F /* Build configuration list for PBXProject "Reciplease" */ = {
			isa = XCConfigurationList;
			buildConfigurations = (
				D59F3F4329472B440003818F /* Debug */,
				D59F3F4429472B440003818F /* Release */,
			);
			defaultConfigurationIsVisible = 0;
			defaultConfigurationName = Release;
		};
		D59F3F4529472B440003818F /* Build configuration list for PBXNativeTarget "Reciplease" */ = {
			isa = XCConfigurationList;
			buildConfigurations = (
				D59F3F4629472B440003818F /* Debug */,
				D59F3F4729472B440003818F /* Release */,
			);
			defaultConfigurationIsVisible = 0;
			defaultConfigurationName = Release;
		};
/* End XCConfigurationList section */

/* Begin XCVersionGroup section */
		D59ABC7929534CD400510FFF /* Reciplease.xcdatamodeld */ = {
			isa = XCVersionGroup;
			children = (
				D59ABC7A29534CD400510FFF /* Reciplease.xcdatamodel */,
			);
			currentVersion = D59ABC7A29534CD400510FFF /* Reciplease.xcdatamodel */;
			path = Reciplease.xcdatamodeld;
			sourceTree = "<group>";
			versionGroupType = wrapper.xcdatamodel;
		};
/* End XCVersionGroup section */
	};
	rootObject = D59F3F2929472B410003818F /* Project object */;
}
